// !$*UTF8*$!
{
	archiveVersion = 1;
	classes = {
	};
	objectVersion = 46;
	objects = {

/* Begin PBXBuildFile section */
		419BBCB6180B1C46009AC9A3 /* UIKit.framework in Frameworks */ = {isa = PBXBuildFile; fileRef = 419BBCB5180B1C46009AC9A3 /* UIKit.framework */; };
		419BBCB8180B1C46009AC9A3 /* Foundation.framework in Frameworks */ = {isa = PBXBuildFile; fileRef = 419BBCB7180B1C46009AC9A3 /* Foundation.framework */; };
		419BBCBA180B1C46009AC9A3 /* CoreGraphics.framework in Frameworks */ = {isa = PBXBuildFile; fileRef = 419BBCB9180B1C46009AC9A3 /* CoreGraphics.framework */; };
		419BBCC0180B1C46009AC9A3 /* InfoPlist.strings in Resources */ = {isa = PBXBuildFile; fileRef = 419BBCBE180B1C46009AC9A3 /* InfoPlist.strings */; };
		419BBCC2180B1C46009AC9A3 /* main.m in Sources */ = {isa = PBXBuildFile; fileRef = 419BBCC1180B1C46009AC9A3 /* main.m */; };
		419BBCC6180B1C46009AC9A3 /* AppDelegate.m in Sources */ = {isa = PBXBuildFile; fileRef = 419BBCC5180B1C46009AC9A3 /* AppDelegate.m */; };
		419BBCC8180B1C46009AC9A3 /* Default.png in Resources */ = {isa = PBXBuildFile; fileRef = 419BBCC7180B1C46009AC9A3 /* Default.png */; };
		419BBCCA180B1C46009AC9A3 /* Default@2x.png in Resources */ = {isa = PBXBuildFile; fileRef = 419BBCC9180B1C46009AC9A3 /* Default@2x.png */; };
		419BBCCC180B1C46009AC9A3 /* Default-568h@2x.png in Resources */ = {isa = PBXBuildFile; fileRef = 419BBCCB180B1C46009AC9A3 /* Default-568h@2x.png */; };
		419BBCCF180B1C46009AC9A3 /* MainStoryboard.storyboard in Resources */ = {isa = PBXBuildFile; fileRef = 419BBCCD180B1C46009AC9A3 /* MainStoryboard.storyboard */; };
		419BBCD2180B1C46009AC9A3 /* FirstViewController.m in Sources */ = {isa = PBXBuildFile; fileRef = 419BBCD1180B1C46009AC9A3 /* FirstViewController.m */; };
		419BBCD4180B1C46009AC9A3 /* first.png in Resources */ = {isa = PBXBuildFile; fileRef = 419BBCD3180B1C46009AC9A3 /* first.png */; };
		419BBCD6180B1C46009AC9A3 /* first@2x.png in Resources */ = {isa = PBXBuildFile; fileRef = 419BBCD5180B1C46009AC9A3 /* first@2x.png */; };
		419BBCD9180B1C46009AC9A3 /* SecondViewController.m in Sources */ = {isa = PBXBuildFile; fileRef = 419BBCD8180B1C46009AC9A3 /* SecondViewController.m */; };
		419BBCDB180B1C47009AC9A3 /* second.png in Resources */ = {isa = PBXBuildFile; fileRef = 419BBCDA180B1C47009AC9A3 /* second.png */; };
		419BBCDD180B1C47009AC9A3 /* second@2x.png in Resources */ = {isa = PBXBuildFile; fileRef = 419BBCDC180B1C47009AC9A3 /* second@2x.png */; };
/* End PBXBuildFile section */

/* Begin PBXFileReference section */
		419BBCB2180B1C46009AC9A3 /* Prototype-Wk3.app */ = {isa = PBXFileReference; explicitFileType = wrapper.application; includeInIndex = 0; path = "Prototype-Wk3.app"; sourceTree = BUILT_PRODUCTS_DIR; };
		419BBCB5180B1C46009AC9A3 /* UIKit.framework */ = {isa = PBXFileReference; lastKnownFileType = wrapper.framework; name = UIKit.framework; path = System/Library/Frameworks/UIKit.framework; sourceTree = SDKROOT; };
		419BBCB7180B1C46009AC9A3 /* Foundation.framework */ = {isa = PBXFileReference; lastKnownFileType = wrapper.framework; name = Foundation.framework; path = System/Library/Frameworks/Foundation.framework; sourceTree = SDKROOT; };
		419BBCB9180B1C46009AC9A3 /* CoreGraphics.framework */ = {isa = PBXFileReference; lastKnownFileType = wrapper.framework; name = CoreGraphics.framework; path = System/Library/Frameworks/CoreGraphics.framework; sourceTree = SDKROOT; };
		419BBCBD180B1C46009AC9A3 /* Prototype-Wk3-Info.plist */ = {isa = PBXFileReference; lastKnownFileType = text.plist.xml; path = "Prototype-Wk3-Info.plist"; sourceTree = "<group>"; };
		419BBCBF180B1C46009AC9A3 /* en */ = {isa = PBXFileReference; lastKnownFileType = text.plist.strings; name = en; path = en.lproj/InfoPlist.strings; sourceTree = "<group>"; };
		419BBCC1180B1C46009AC9A3 /* main.m */ = {isa = PBXFileReference; lastKnownFileType = sourcecode.c.objc; path = main.m; sourceTree = "<group>"; };
		419BBCC3180B1C46009AC9A3 /* Prototype-Wk3-Prefix.pch */ = {isa = PBXFileReference; lastKnownFileType = sourcecode.c.h; path = "Prototype-Wk3-Prefix.pch"; sourceTree = "<group>"; };
		419BBCC4180B1C46009AC9A3 /* AppDelegate.h */ = {isa = PBXFileReference; lastKnownFileType = sourcecode.c.h; path = AppDelegate.h; sourceTree = "<group>"; };
		419BBCC5180B1C46009AC9A3 /* AppDelegate.m */ = {isa = PBXFileReference; lastKnownFileType = sourcecode.c.objc; path = AppDelegate.m; sourceTree = "<group>"; };
		419BBCC7180B1C46009AC9A3 /* Default.png */ = {isa = PBXFileReference; lastKnownFileType = image.png; path = Default.png; sourceTree = "<group>"; };
		419BBCC9180B1C46009AC9A3 /* Default@2x.png */ = {isa = PBXFileReference; lastKnownFileType = image.png; path = "Default@2x.png"; sourceTree = "<group>"; };
		419BBCCB180B1C46009AC9A3 /* Default-568h@2x.png */ = {isa = PBXFileReference; lastKnownFileType = image.png; path = "Default-568h@2x.png"; sourceTree = "<group>"; };
		419BBCCE180B1C46009AC9A3 /* en */ = {isa = PBXFileReference; lastKnownFileType = file.storyboard; name = en; path = en.lproj/MainStoryboard.storyboard; sourceTree = "<group>"; };
		419BBCD0180B1C46009AC9A3 /* FirstViewController.h */ = {isa = PBXFileReference; lastKnownFileType = sourcecode.c.h; path = FirstViewController.h; sourceTree = "<group>"; };
		419BBCD1180B1C46009AC9A3 /* FirstViewController.m */ = {isa = PBXFileReference; lastKnownFileType = sourcecode.c.objc; path = FirstViewController.m; sourceTree = "<group>"; };
		419BBCD3180B1C46009AC9A3 /* first.png */ = {isa = PBXFileReference; lastKnownFileType = image.png; path = first.png; sourceTree = "<group>"; };
		419BBCD5180B1C46009AC9A3 /* first@2x.png */ = {isa = PBXFileReference; lastKnownFileType = image.png; path = "first@2x.png"; sourceTree = "<group>"; };
		419BBCD7180B1C46009AC9A3 /* SecondViewController.h */ = {isa = PBXFileReference; lastKnownFileType = sourcecode.c.h; path = SecondViewController.h; sourceTree = "<group>"; };
		419BBCD8180B1C46009AC9A3 /* SecondViewController.m */ = {isa = PBXFileReference; lastKnownFileType = sourcecode.c.objc; path = SecondViewController.m; sourceTree = "<group>"; };
		419BBCDA180B1C47009AC9A3 /* second.png */ = {isa = PBXFileReference; lastKnownFileType = image.png; path = second.png; sourceTree = "<group>"; };
		419BBCDC180B1C47009AC9A3 /* second@2x.png */ = {isa = PBXFileReference; lastKnownFileType = image.png; path = "second@2x.png"; sourceTree = "<group>"; };
/* End PBXFileReference section */

/* Begin PBXFrameworksBuildPhase section */
		419BBCAF180B1C46009AC9A3 /* Frameworks */ = {
			isa = PBXFrameworksBuildPhase;
			buildActionMask = 2147483647;
			files = (
				419BBCB6180B1C46009AC9A3 /* UIKit.framework in Frameworks */,
				419BBCB8180B1C46009AC9A3 /* Foundation.framework in Frameworks */,
				419BBCBA180B1C46009AC9A3 /* CoreGraphics.framework in Frameworks */,
			);
			runOnlyForDeploymentPostprocessing = 0;
		};
/* End PBXFrameworksBuildPhase section */

/* Begin PBXGroup section */
		419BBCA9180B1C46009AC9A3 = {
			isa = PBXGroup;
			children = (
				419BBCBB180B1C46009AC9A3 /* Prototype-Wk3 */,
				419BBCB4180B1C46009AC9A3 /* Frameworks */,
				419BBCB3180B1C46009AC9A3 /* Products */,
			);
			sourceTree = "<group>";
		};
		419BBCB3180B1C46009AC9A3 /* Products */ = {
			isa = PBXGroup;
			children = (
				419BBCB2180B1C46009AC9A3 /* Prototype-Wk3.app */,
			);
			name = Products;
			sourceTree = "<group>";
		};
		419BBCB4180B1C46009AC9A3 /* Frameworks */ = {
			isa = PBXGroup;
			children = (
				419BBCB5180B1C46009AC9A3 /* UIKit.framework */,
				419BBCB7180B1C46009AC9A3 /* Foundation.framework */,
				419BBCB9180B1C46009AC9A3 /* CoreGraphics.framework */,
			);
			name = Frameworks;
			sourceTree = "<group>";
		};
		419BBCBB180B1C46009AC9A3 /* Prototype-Wk3 */ = {
			isa = PBXGroup;
			children = (
				419BBCC4180B1C46009AC9A3 /* AppDelegate.h */,
				419BBCC5180B1C46009AC9A3 /* AppDelegate.m */,
				419BBCCD180B1C46009AC9A3 /* MainStoryboard.storyboard */,
				419BBCD0180B1C46009AC9A3 /* FirstViewController.h */,
				419BBCD1180B1C46009AC9A3 /* FirstViewController.m */,
				419BBCD3180B1C46009AC9A3 /* first.png */,
				419BBCD5180B1C46009AC9A3 /* first@2x.png */,
				419BBCD7180B1C46009AC9A3 /* SecondViewController.h */,
				419BBCD8180B1C46009AC9A3 /* SecondViewController.m */,
				419BBCDA180B1C47009AC9A3 /* second.png */,
				419BBCDC180B1C47009AC9A3 /* second@2x.png */,
				419BBCBC180B1C46009AC9A3 /* Supporting Files */,
			);
			path = "Prototype-Wk3";
			sourceTree = "<group>";
		};
		419BBCBC180B1C46009AC9A3 /* Supporting Files */ = {
			isa = PBXGroup;
			children = (
				419BBCBD180B1C46009AC9A3 /* Prototype-Wk3-Info.plist */,
				419BBCBE180B1C46009AC9A3 /* InfoPlist.strings */,
				419BBCC1180B1C46009AC9A3 /* main.m */,
				419BBCC3180B1C46009AC9A3 /* Prototype-Wk3-Prefix.pch */,
				419BBCC7180B1C46009AC9A3 /* Default.png */,
				419BBCC9180B1C46009AC9A3 /* Default@2x.png */,
				419BBCCB180B1C46009AC9A3 /* Default-568h@2x.png */,
			);
			name = "Supporting Files";
			sourceTree = "<group>";
		};
/* End PBXGroup section */

/* Begin PBXNativeTarget section */
		419BBCB1180B1C46009AC9A3 /* Prototype-Wk3 */ = {
			isa = PBXNativeTarget;
			buildConfigurationList = 419BBCE0180B1C47009AC9A3 /* Build configuration list for PBXNativeTarget "Prototype-Wk3" */;
			buildPhases = (
				419BBCAE180B1C46009AC9A3 /* Sources */,
				419BBCAF180B1C46009AC9A3 /* Frameworks */,
				419BBCB0180B1C46009AC9A3 /* Resources */,
			);
			buildRules = (
			);
			dependencies = (
			);
			name = "Prototype-Wk3";
			productName = "Prototype-Wk3";
			productReference = 419BBCB2180B1C46009AC9A3 /* Prototype-Wk3.app */;
			productType = "com.apple.product-type.application";
		};
/* End PBXNativeTarget section */

/* Begin PBXProject section */
		419BBCAA180B1C46009AC9A3 /* Project object */ = {
			isa = PBXProject;
			attributes = {
				LastUpgradeCheck = 0460;
				ORGANIZATIONNAME = "Brandon Mackey";
			};
			buildConfigurationList = 419BBCAD180B1C46009AC9A3 /* Build configuration list for PBXProject "Prototype-Wk3" */;
			compatibilityVersion = "Xcode 3.2";
			developmentRegion = English;
			hasScannedForEncodings = 0;
			knownRegions = (
				en,
			);
			mainGroup = 419BBCA9180B1C46009AC9A3;
			productRefGroup = 419BBCB3180B1C46009AC9A3 /* Products */;
			projectDirPath = "";
			projectRoot = "";
			targets = (
				419BBCB1180B1C46009AC9A3 /* Prototype-Wk3 */,
			);
		};
/* End PBXProject section */

/* Begin PBXResourcesBuildPhase section */
		419BBCB0180B1C46009AC9A3 /* Resources */ = {
			isa = PBXResourcesBuildPhase;
			buildActionMask = 2147483647;
			files = (
				419BBCC0180B1C46009AC9A3 /* InfoPlist.strings in Resources */,
				419BBCC8180B1C46009AC9A3 /* Default.png in Resources */,
				419BBCCA180B1C46009AC9A3 /* Default@2x.png in Resources */,
				419BBCCC180B1C46009AC9A3 /* Default-568h@2x.png in Resources */,
				419BBCCF180B1C46009AC9A3 /* MainStoryboard.storyboard in Resources */,
				419BBCD4180B1C46009AC9A3 /* first.png in Resources */,
				419BBCD6180B1C46009AC9A3 /* first@2x.png in Resources */,
				419BBCDB180B1C47009AC9A3 /* second.png in Resources */,
				419BBCDD180B1C47009AC9A3 /* second@2x.png in Resources */,
			);
			runOnlyForDeploymentPostprocessing = 0;
		};
/* End PBXResourcesBuildPhase section */

/* Begin PBXSourcesBuildPhase section */
		419BBCAE180B1C46009AC9A3 /* Sources */ = {
			isa = PBXSourcesBuildPhase;
			buildActionMask = 2147483647;
			files = (
				419BBCC2180B1C46009AC9A3 /* main.m in Sources */,
				419BBCC6180B1C46009AC9A3 /* AppDelegate.m in Sources */,
				419BBCD2180B1C46009AC9A3 /* FirstViewController.m in Sources */,
				419BBCD9180B1C46009AC9A3 /* SecondViewController.m in Sources */,
			);
			runOnlyForDeploymentPostprocessing = 0;
		};
/* End PBXSourcesBuildPhase section */

/* Begin PBXVariantGroup section */
		419BBCBE180B1C46009AC9A3 /* InfoPlist.strings */ = {
			isa = PBXVariantGroup;
			children = (
				419BBCBF180B1C46009AC9A3 /* en */,
			);
			name = InfoPlist.strings;
			sourceTree = "<group>";
		};
		419BBCCD180B1C46009AC9A3 /* MainStoryboard.storyboard */ = {
			isa = PBXVariantGroup;
			children = (
				419BBCCE180B1C46009AC9A3 /* en */,
			);
			name = MainStoryboard.storyboard;
			sourceTree = "<group>";
		};
/* End PBXVariantGroup section */

/* Begin XCBuildConfiguration section */
		419BBCDE180B1C47009AC9A3 /* Debug */ = {
			isa = XCBuildConfiguration;
			buildSettings = {
				ALWAYS_SEARCH_USER_PATHS = NO;
				CLANG_CXX_LANGUAGE_STANDARD = "gnu++0x";
				CLANG_CXX_LIBRARY = "libc++";
				CLANG_ENABLE_OBJC_ARC = YES;
				CLANG_WARN_CONSTANT_CONVERSION = YES;
				CLANG_WARN_EMPTY_BODY = YES;
				CLANG_WARN_ENUM_CONVERSION = YES;
				CLANG_WARN_INT_CONVERSION = YES;
				CLANG_WARN__DUPLICATE_METHOD_MATCH = YES;
				"CODE_SIGN_IDENTITY[sdk=iphoneos*]" = "iPhone Developer";
				COPY_PHASE_STRIP = NO;
				GCC_C_LANGUAGE_STANDARD = gnu99;
				GCC_DYNAMIC_NO_PIC = NO;
				GCC_OPTIMIZATION_LEVEL = 0;
				GCC_PREPROCESSOR_DEFINITIONS = (
					"DEBUG=1",
					"$(inherited)",
				);
				GCC_SYMBOLS_PRIVATE_EXTERN = NO;
				GCC_WARN_ABOUT_RETURN_TYPE = YES;
				GCC_WARN_UNINITIALIZED_AUTOS = YES;
				GCC_WARN_UNUSED_VARIABLE = YES;
				IPHONEOS_DEPLOYMENT_TARGET = 6.1;
				ONLY_ACTIVE_ARCH = YES;
				SDKROOT = iphoneos;
				TARGETED_DEVICE_FAMILY = 2;
			};
			name = Debug;
		};
		419BBCDF180B1C47009AC9A3 /* Release */ = {
			isa = XCBuildConfiguration;
			buildSettings = {
				ALWAYS_SEARCH_USER_PATHS = NO;
				CLANG_CXX_LANGUAGE_STANDARD = "gnu++0x";
				CLANG_CXX_LIBRARY = "libc++";
				CLANG_ENABLE_OBJC_ARC = YES;
				CLANG_WARN_CONSTANT_CONVERSION = YES;
				CLANG_WARN_EMPTY_BODY = YES;
				CLANG_WARN_ENUM_CONVERSION = YES;
				CLANG_WARN_INT_CONVERSION = YES;
				CLANG_WARN__DUPLICATE_METHOD_MATCH = YES;
				"CODE_SIGN_IDENTITY[sdk=iphoneos*]" = "iPhone Developer";
				COPY_PHASE_STRIP = YES;
				GCC_C_LANGUAGE_STANDARD = gnu99;
				GCC_WARN_ABOUT_RETURN_TYPE = YES;
				GCC_WARN_UNINITIALIZED_AUTOS = YES;
				GCC_WARN_UNUSED_VARIABLE = YES;
				IPHONEOS_DEPLOYMENT_TARGET = 6.1;
				OTHER_CFLAGS = "-DNS_BLOCK_ASSERTIONS=1";
				SDKROOT = iphoneos;
				TARGETED_DEVICE_FAMILY = 2;
				VALIDATE_PRODUCT = YES;
			};
			name = Release;
		};
		419BBCE1180B1C47009AC9A3 /* Debug */ = {
			isa = XCBuildConfiguration;
			buildSettings = {
				GCC_PRECOMPILE_PREFIX_HEADER = YES;
				GCC_PREFIX_HEADER = "Prototype-Wk3/Prototype-Wk3-Prefix.pch";
				INFOPLIST_FILE = "Prototype-Wk3/Prototype-Wk3-Info.plist";
				PRODUCT_NAME = "$(TARGET_NAME)";
				WRAPPER_EXTENSION = app;
			};
			name = Debug;
		};
		419BBCE2180B1C47009AC9A3 /* Release */ = {
			isa = XCBuildConfiguration;
			buildSettings = {
				GCC_PRECOMPILE_PREFIX_HEADER = YES;
				GCC_PREFIX_HEADER = "Prototype-Wk3/Prototype-Wk3-Prefix.pch";
				INFOPLIST_FILE = "Prototype-Wk3/Prototype-Wk3-Info.plist";
				PRODUCT_NAME = "$(TARGET_NAME)";
				WRAPPER_EXTENSION = app;
			};
			name = Release;
		};
/* End XCBuildConfiguration section */

/* Begin XCConfigurationList section */
		419BBCAD180B1C46009AC9A3 /* Build configuration list for PBXProject "Prototype-Wk3" */ = {
			isa = XCConfigurationList;
			buildConfigurations = (
				419BBCDE180B1C47009AC9A3 /* Debug */,
				419BBCDF180B1C47009AC9A3 /* Release */,
			);
			defaultConfigurationIsVisible = 0;
			defaultConfigurationName = Release;
		};
		419BBCE0180B1C47009AC9A3 /* Build configuration list for PBXNativeTarget "Prototype-Wk3" */ = {
			isa = XCConfigurationList;
			buildConfigurations = (
				419BBCE1180B1C47009AC9A3 /* Debug */,
				419BBCE2180B1C47009AC9A3 /* Release */,
			);
			defaultConfigurationIsVisible = 0;
		};
/* End XCConfigurationList section */
	};
	rootObject = 419BBCAA180B1C46009AC9A3 /* Project object */;
}
