// !$*UTF8*$!
{
	archiveVersion = 1;
	classes = {
	};
	objectVersion = 46;
	objects = {

/* Begin PBXBuildFile section */
		41B133581754514D00D76E04 /* UIKit.framework in Frameworks */ = {isa = PBXBuildFile; fileRef = 41B133571754514D00D76E04 /* UIKit.framework */; };
		41B1335A1754514D00D76E04 /* Foundation.framework in Frameworks */ = {isa = PBXBuildFile; fileRef = 41B133591754514D00D76E04 /* Foundation.framework */; };
		41B1335C1754514D00D76E04 /* CoreGraphics.framework in Frameworks */ = {isa = PBXBuildFile; fileRef = 41B1335B1754514D00D76E04 /* CoreGraphics.framework */; };
		41B133621754514D00D76E04 /* InfoPlist.strings in Resources */ = {isa = PBXBuildFile; fileRef = 41B133601754514D00D76E04 /* InfoPlist.strings */; };
		41B133641754514D00D76E04 /* main.m in Sources */ = {isa = PBXBuildFile; fileRef = 41B133631754514D00D76E04 /* main.m */; };
		41B133681754514D00D76E04 /* AppDelegate.m in Sources */ = {isa = PBXBuildFile; fileRef = 41B133671754514D00D76E04 /* AppDelegate.m */; };
		41B1336A1754514D00D76E04 /* Default.png in Resources */ = {isa = PBXBuildFile; fileRef = 41B133691754514D00D76E04 /* Default.png */; };
		41B1336C1754514D00D76E04 /* Default@2x.png in Resources */ = {isa = PBXBuildFile; fileRef = 41B1336B1754514D00D76E04 /* Default@2x.png */; };
		41B1336E1754514D00D76E04 /* Default-568h@2x.png in Resources */ = {isa = PBXBuildFile; fileRef = 41B1336D1754514D00D76E04 /* Default-568h@2x.png */; };
		41B133711754514D00D76E04 /* ViewController.m in Sources */ = {isa = PBXBuildFile; fileRef = 41B133701754514D00D76E04 /* ViewController.m */; };
		41B133741754514D00D76E04 /* ViewController_iPhone.xib in Resources */ = {isa = PBXBuildFile; fileRef = 41B133721754514D00D76E04 /* ViewController_iPhone.xib */; };
		41B133771754514D00D76E04 /* ViewController_iPad.xib in Resources */ = {isa = PBXBuildFile; fileRef = 41B133751754514D00D76E04 /* ViewController_iPad.xib */; };
/* End PBXBuildFile section */

/* Begin PBXFileReference section */
		41B133541754514D00D76E04 /* AOC Wk4.app */ = {isa = PBXFileReference; explicitFileType = wrapper.application; includeInIndex = 0; path = "AOC Wk4.app"; sourceTree = BUILT_PRODUCTS_DIR; };
		41B133571754514D00D76E04 /* UIKit.framework */ = {isa = PBXFileReference; lastKnownFileType = wrapper.framework; name = UIKit.framework; path = System/Library/Frameworks/UIKit.framework; sourceTree = SDKROOT; };
		41B133591754514D00D76E04 /* Foundation.framework */ = {isa = PBXFileReference; lastKnownFileType = wrapper.framework; name = Foundation.framework; path = System/Library/Frameworks/Foundation.framework; sourceTree = SDKROOT; };
		41B1335B1754514D00D76E04 /* CoreGraphics.framework */ = {isa = PBXFileReference; lastKnownFileType = wrapper.framework; name = CoreGraphics.framework; path = System/Library/Frameworks/CoreGraphics.framework; sourceTree = SDKROOT; };
		41B1335F1754514D00D76E04 /* AOC Wk4-Info.plist */ = {isa = PBXFileReference; lastKnownFileType = text.plist.xml; path = "AOC Wk4-Info.plist"; sourceTree = "<group>"; };
		41B133611754514D00D76E04 /* en */ = {isa = PBXFileReference; lastKnownFileType = text.plist.strings; name = en; path = en.lproj/InfoPlist.strings; sourceTree = "<group>"; };
		41B133631754514D00D76E04 /* main.m */ = {isa = PBXFileReference; lastKnownFileType = sourcecode.c.objc; path = main.m; sourceTree = "<group>"; };
		41B133651754514D00D76E04 /* AOC Wk4-Prefix.pch */ = {isa = PBXFileReference; lastKnownFileType = sourcecode.c.h; path = "AOC Wk4-Prefix.pch"; sourceTree = "<group>"; };
		41B133661754514D00D76E04 /* AppDelegate.h */ = {isa = PBXFileReference; lastKnownFileType = sourcecode.c.h; path = AppDelegate.h; sourceTree = "<group>"; };
		41B133671754514D00D76E04 /* AppDelegate.m */ = {isa = PBXFileReference; lastKnownFileType = sourcecode.c.objc; path = AppDelegate.m; sourceTree = "<group>"; };
		41B133691754514D00D76E04 /* Default.png */ = {isa = PBXFileReference; lastKnownFileType = image.png; path = Default.png; sourceTree = "<group>"; };
		41B1336B1754514D00D76E04 /* Default@2x.png */ = {isa = PBXFileReference; lastKnownFileType = image.png; path = "Default@2x.png"; sourceTree = "<group>"; };
		41B1336D1754514D00D76E04 /* Default-568h@2x.png */ = {isa = PBXFileReference; lastKnownFileType = image.png; path = "Default-568h@2x.png"; sourceTree = "<group>"; };
		41B1336F1754514D00D76E04 /* ViewController.h */ = {isa = PBXFileReference; lastKnownFileType = sourcecode.c.h; path = ViewController.h; sourceTree = "<group>"; };
		41B133701754514D00D76E04 /* ViewController.m */ = {isa = PBXFileReference; lastKnownFileType = sourcecode.c.objc; path = ViewController.m; sourceTree = "<group>"; };
		41B133731754514D00D76E04 /* en */ = {isa = PBXFileReference; lastKnownFileType = file.xib; name = en; path = en.lproj/ViewController_iPhone.xib; sourceTree = "<group>"; };
		41B133761754514D00D76E04 /* en */ = {isa = PBXFileReference; lastKnownFileType = file.xib; name = en; path = en.lproj/ViewController_iPad.xib; sourceTree = "<group>"; };
/* End PBXFileReference section */

/* Begin PBXFrameworksBuildPhase section */
		41B133511754514C00D76E04 /* Frameworks */ = {
			isa = PBXFrameworksBuildPhase;
			buildActionMask = 2147483647;
			files = (
				41B133581754514D00D76E04 /* UIKit.framework in Frameworks */,
				41B1335A1754514D00D76E04 /* Foundation.framework in Frameworks */,
				41B1335C1754514D00D76E04 /* CoreGraphics.framework in Frameworks */,
			);
			runOnlyForDeploymentPostprocessing = 0;
		};
/* End PBXFrameworksBuildPhase section */

/* Begin PBXGroup section */
		41B1334B1754514C00D76E04 = {
			isa = PBXGroup;
			children = (
				41B1335D1754514D00D76E04 /* AOC Wk4 */,
				41B133561754514D00D76E04 /* Frameworks */,
				41B133551754514D00D76E04 /* Products */,
			);
			sourceTree = "<group>";
		};
		41B133551754514D00D76E04 /* Products */ = {
			isa = PBXGroup;
			children = (
				41B133541754514D00D76E04 /* AOC Wk4.app */,
			);
			name = Products;
			sourceTree = "<group>";
		};
		41B133561754514D00D76E04 /* Frameworks */ = {
			isa = PBXGroup;
			children = (
				41B133571754514D00D76E04 /* UIKit.framework */,
				41B133591754514D00D76E04 /* Foundation.framework */,
				41B1335B1754514D00D76E04 /* CoreGraphics.framework */,
			);
			name = Frameworks;
			sourceTree = "<group>";
		};
		41B1335D1754514D00D76E04 /* AOC Wk4 */ = {
			isa = PBXGroup;
			children = (
				41B133661754514D00D76E04 /* AppDelegate.h */,
				41B133671754514D00D76E04 /* AppDelegate.m */,
				41B1336F1754514D00D76E04 /* ViewController.h */,
				41B133701754514D00D76E04 /* ViewController.m */,
				41B133721754514D00D76E04 /* ViewController_iPhone.xib */,
				41B133751754514D00D76E04 /* ViewController_iPad.xib */,
				41B1335E1754514D00D76E04 /* Supporting Files */,
			);
			path = "AOC Wk4";
			sourceTree = "<group>";
		};
		41B1335E1754514D00D76E04 /* Supporting Files */ = {
			isa = PBXGroup;
			children = (
				41B1335F1754514D00D76E04 /* AOC Wk4-Info.plist */,
				41B133601754514D00D76E04 /* InfoPlist.strings */,
				41B133631754514D00D76E04 /* main.m */,
				41B133651754514D00D76E04 /* AOC Wk4-Prefix.pch */,
				41B133691754514D00D76E04 /* Default.png */,
				41B1336B1754514D00D76E04 /* Default@2x.png */,
				41B1336D1754514D00D76E04 /* Default-568h@2x.png */,
			);
			name = "Supporting Files";
			sourceTree = "<group>";
		};
/* End PBXGroup section */

/* Begin PBXNativeTarget section */
		41B133531754514C00D76E04 /* AOC Wk4 */ = {
			isa = PBXNativeTarget;
			buildConfigurationList = 41B1337A1754514D00D76E04 /* Build configuration list for PBXNativeTarget "AOC Wk4" */;
			buildPhases = (
				41B133501754514C00D76E04 /* Sources */,
				41B133511754514C00D76E04 /* Frameworks */,
				41B133521754514C00D76E04 /* Resources */,
			);
			buildRules = (
			);
			dependencies = (
			);
			name = "AOC Wk4";
			productName = "AOC Wk4";
			productReference = 41B133541754514D00D76E04 /* AOC Wk4.app */;
			productType = "com.apple.product-type.application";
		};
/* End PBXNativeTarget section */

/* Begin PBXProject section */
		41B1334C1754514C00D76E04 /* Project object */ = {
			isa = PBXProject;
			attributes = {
				LastUpgradeCheck = 0460;
				ORGANIZATIONNAME = "Brandon Mackey";
			};
			buildConfigurationList = 41B1334F1754514C00D76E04 /* Build configuration list for PBXProject "AOC Wk4" */;
			compatibilityVersion = "Xcode 3.2";
			developmentRegion = English;
			hasScannedForEncodings = 0;
			knownRegions = (
				en,
			);
			mainGroup = 41B1334B1754514C00D76E04;
			productRefGroup = 41B133551754514D00D76E04 /* Products */;
			projectDirPath = "";
			projectRoot = "";
			targets = (
				41B133531754514C00D76E04 /* AOC Wk4 */,
			);
		};
/* End PBXProject section */

/* Begin PBXResourcesBuildPhase section */
		41B133521754514C00D76E04 /* Resources */ = {
			isa = PBXResourcesBuildPhase;
			buildActionMask = 2147483647;
			files = (
				41B133621754514D00D76E04 /* InfoPlist.strings in Resources */,
				41B1336A1754514D00D76E04 /* Default.png in Resources */,
				41B1336C1754514D00D76E04 /* Default@2x.png in Resources */,
				41B1336E1754514D00D76E04 /* Default-568h@2x.png in Resources */,
				41B133741754514D00D76E04 /* ViewController_iPhone.xib in Resources */,
				41B133771754514D00D76E04 /* ViewController_iPad.xib in Resources */,
			);
			runOnlyForDeploymentPostprocessing = 0;
		};
/* End PBXResourcesBuildPhase section */

/* Begin PBXSourcesBuildPhase section */
		41B133501754514C00D76E04 /* Sources */ = {
			isa = PBXSourcesBuildPhase;
			buildActionMask = 2147483647;
			files = (
				41B133641754514D00D76E04 /* main.m in Sources */,
				41B133681754514D00D76E04 /* AppDelegate.m in Sources */,
				41B133711754514D00D76E04 /* ViewController.m in Sources */,
			);
			runOnlyForDeploymentPostprocessing = 0;
		};
/* End PBXSourcesBuildPhase section */

/* Begin PBXVariantGroup section */
		41B133601754514D00D76E04 /* InfoPlist.strings */ = {
			isa = PBXVariantGroup;
			children = (
				41B133611754514D00D76E04 /* en */,
			);
			name = InfoPlist.strings;
			sourceTree = "<group>";
		};
		41B133721754514D00D76E04 /* ViewController_iPhone.xib */ = {
			isa = PBXVariantGroup;
			children = (
				41B133731754514D00D76E04 /* en */,
			);
			name = ViewController_iPhone.xib;
			sourceTree = "<group>";
		};
		41B133751754514D00D76E04 /* ViewController_iPad.xib */ = {
			isa = PBXVariantGroup;
			children = (
				41B133761754514D00D76E04 /* en */,
			);
			name = ViewController_iPad.xib;
			sourceTree = "<group>";
		};
/* End PBXVariantGroup section */

/* Begin XCBuildConfiguration section */
		41B133781754514D00D76E04 /* Debug */ = {
			isa = XCBuildConfiguration;
			buildSettings = {
				ALWAYS_SEARCH_USER_PATHS = NO;
				CLANG_CXX_LANGUAGE_STANDARD = "gnu++0x";
				CLANG_CXX_LIBRARY = "libc++";
				CLANG_WARN_CONSTANT_CONVERSION = YES;
				CLANG_WARN_EMPTY_BODY = YES;
				CLANG_WARN_ENUM_CONVERSION = YES;
				CLANG_WARN_INT_CONVERSION = YES;
				CLANG_WARN__DUPLICATE_METHOD_MATCH = YES;
				"CODE_SIGN_IDENTITY[sdk=iphoneos*]" = "iPhone Developer";
				COPY_PHASE_STRIP = NO;
				GCC_C_LANGUAGE_STANDARD = gnu99;
				GCC_DYNAMIC_NO_PIC = NO;
				GCC_OPTIMIZATION_LEVEL = 0;
				GCC_PREPROCESSOR_DEFINITIONS = (
					"DEBUG=1",
					"$(inherited)",
				);
				GCC_SYMBOLS_PRIVATE_EXTERN = NO;
				GCC_WARN_ABOUT_RETURN_TYPE = YES;
				GCC_WARN_UNINITIALIZED_AUTOS = YES;
				GCC_WARN_UNUSED_VARIABLE = YES;
				IPHONEOS_DEPLOYMENT_TARGET = 6.1;
				ONLY_ACTIVE_ARCH = YES;
				SDKROOT = iphoneos;
				TARGETED_DEVICE_FAMILY = "1,2";
			};
			name = Debug;
		};
		41B133791754514D00D76E04 /* Release */ = {
			isa = XCBuildConfiguration;
			buildSettings = {
				ALWAYS_SEARCH_USER_PATHS = NO;
				CLANG_CXX_LANGUAGE_STANDARD = "gnu++0x";
				CLANG_CXX_LIBRARY = "libc++";
				CLANG_WARN_CONSTANT_CONVERSION = YES;
				CLANG_WARN_EMPTY_BODY = YES;
				CLANG_WARN_ENUM_CONVERSION = YES;
				CLANG_WARN_INT_CONVERSION = YES;
				CLANG_WARN__DUPLICATE_METHOD_MATCH = YES;
				"CODE_SIGN_IDENTITY[sdk=iphoneos*]" = "iPhone Developer";
				COPY_PHASE_STRIP = YES;
				GCC_C_LANGUAGE_STANDARD = gnu99;
				GCC_WARN_ABOUT_RETURN_TYPE = YES;
				GCC_WARN_UNINITIALIZED_AUTOS = YES;
				GCC_WARN_UNUSED_VARIABLE = YES;
				IPHONEOS_DEPLOYMENT_TARGET = 6.1;
				OTHER_CFLAGS = "-DNS_BLOCK_ASSERTIONS=1";
				SDKROOT = iphoneos;
				TARGETED_DEVICE_FAMILY = "1,2";
				VALIDATE_PRODUCT = YES;
			};
			name = Release;
		};
		41B1337B1754514D00D76E04 /* Debug */ = {
			isa = XCBuildConfiguration;
			buildSettings = {
				GCC_PRECOMPILE_PREFIX_HEADER = YES;
				GCC_PREFIX_HEADER = "AOC Wk4/AOC Wk4-Prefix.pch";
				INFOPLIST_FILE = "AOC Wk4/AOC Wk4-Info.plist";
				PRODUCT_NAME = "$(TARGET_NAME)";
				WRAPPER_EXTENSION = app;
			};
			name = Debug;
		};
		41B1337C1754514D00D76E04 /* Release */ = {
			isa = XCBuildConfiguration;
			buildSettings = {
				GCC_PRECOMPILE_PREFIX_HEADER = YES;
				GCC_PREFIX_HEADER = "AOC Wk4/AOC Wk4-Prefix.pch";
				INFOPLIST_FILE = "AOC Wk4/AOC Wk4-Info.plist";
				PRODUCT_NAME = "$(TARGET_NAME)";
				WRAPPER_EXTENSION = app;
			};
			name = Release;
		};
/* End XCBuildConfiguration section */

/* Begin XCConfigurationList section */
		41B1334F1754514C00D76E04 /* Build configuration list for PBXProject "AOC Wk4" */ = {
			isa = XCConfigurationList;
			buildConfigurations = (
				41B133781754514D00D76E04 /* Debug */,
				41B133791754514D00D76E04 /* Release */,
			);
			defaultConfigurationIsVisible = 0;
			defaultConfigurationName = Release;
		};
		41B1337A1754514D00D76E04 /* Build configuration list for PBXNativeTarget "AOC Wk4" */ = {
			isa = XCConfigurationList;
			buildConfigurations = (
				41B1337B1754514D00D76E04 /* Debug */,
				41B1337C1754514D00D76E04 /* Release */,
			);
			defaultConfigurationIsVisible = 0;
		};
/* End XCConfigurationList section */
	};
	rootObject = 41B1334C1754514C00D76E04 /* Project object */;
}
